// !$*UTF8*$!
{
	archiveVersion = 1;
	classes = {
	};
	objectVersion = 46;
	objects = {

/* Begin PBXBuildFile section */
		FE6922491936EAA300A35192 /* Foundation.framework in Frameworks */ = {isa = PBXBuildFile; fileRef = FE6922481936EAA300A35192 /* Foundation.framework */; };
		FE69224B1936EAA300A35192 /* CoreGraphics.framework in Frameworks */ = {isa = PBXBuildFile; fileRef = FE69224A1936EAA300A35192 /* CoreGraphics.framework */; };
		FE69224D1936EAA300A35192 /* UIKit.framework in Frameworks */ = {isa = PBXBuildFile; fileRef = FE69224C1936EAA300A35192 /* UIKit.framework */; };
		FE6922531936EAA300A35192 /* InfoPlist.strings in Resources */ = {isa = PBXBuildFile; fileRef = FE6922511936EAA300A35192 /* InfoPlist.strings */; };
		FE6922551936EAA300A35192 /* main.m in Sources */ = {isa = PBXBuildFile; fileRef = FE6922541936EAA300A35192 /* main.m */; };
		FE6922591936EAA300A35192 /* AppDelegate.m in Sources */ = {isa = PBXBuildFile; fileRef = FE6922581936EAA300A35192 /* AppDelegate.m */; };
		FE69225C1936EAA300A35192 /* Main.storyboard in Resources */ = {isa = PBXBuildFile; fileRef = FE69225A1936EAA300A35192 /* Main.storyboard */; };
		FE69225F1936EAA300A35192 /* ViewController.m in Sources */ = {isa = PBXBuildFile; fileRef = FE69225E1936EAA300A35192 /* ViewController.m */; };
		FE6922611936EAA300A35192 /* Images.xcassets in Resources */ = {isa = PBXBuildFile; fileRef = FE6922601936EAA300A35192 /* Images.xcassets */; };
		FE6922681936EAA300A35192 /* XCTest.framework in Frameworks */ = {isa = PBXBuildFile; fileRef = FE6922671936EAA300A35192 /* XCTest.framework */; };
		FE6922691936EAA300A35192 /* Foundation.framework in Frameworks */ = {isa = PBXBuildFile; fileRef = FE6922481936EAA300A35192 /* Foundation.framework */; };
		FE69226A1936EAA300A35192 /* UIKit.framework in Frameworks */ = {isa = PBXBuildFile; fileRef = FE69224C1936EAA300A35192 /* UIKit.framework */; };
		FE6922721936EAA300A35192 /* InfoPlist.strings in Resources */ = {isa = PBXBuildFile; fileRef = FE6922701936EAA300A35192 /* InfoPlist.strings */; };
		FE6922741936EAA300A35192 /* MySecondAppTests.m in Sources */ = {isa = PBXBuildFile; fileRef = FE6922731936EAA300A35192 /* MySecondAppTests.m */; };
/* End PBXBuildFile section */

/* Begin PBXContainerItemProxy section */
		FE69226B1936EAA300A35192 /* PBXContainerItemProxy */ = {
			isa = PBXContainerItemProxy;
			containerPortal = FE69223D1936EAA300A35192 /* Project object */;
			proxyType = 1;
			remoteGlobalIDString = FE6922441936EAA300A35192;
			remoteInfo = MySecondApp;
		};
/* End PBXContainerItemProxy section */

/* Begin PBXFileReference section */
		FE6922451936EAA300A35192 /* MySecondApp.app */ = {isa = PBXFileReference; explicitFileType = wrapper.application; includeInIndex = 0; path = MySecondApp.app; sourceTree = BUILT_PRODUCTS_DIR; };
		FE6922481936EAA300A35192 /* Foundation.framework */ = {isa = PBXFileReference; lastKnownFileType = wrapper.framework; name = Foundation.framework; path = System/Library/Frameworks/Foundation.framework; sourceTree = SDKROOT; };
		FE69224A1936EAA300A35192 /* CoreGraphics.framework */ = {isa = PBXFileReference; lastKnownFileType = wrapper.framework; name = CoreGraphics.framework; path = System/Library/Frameworks/CoreGraphics.framework; sourceTree = SDKROOT; };
		FE69224C1936EAA300A35192 /* UIKit.framework */ = {isa = PBXFileReference; lastKnownFileType = wrapper.framework; name = UIKit.framework; path = System/Library/Frameworks/UIKit.framework; sourceTree = SDKROOT; };
		FE6922501936EAA300A35192 /* MySecondApp-Info.plist */ = {isa = PBXFileReference; lastKnownFileType = text.plist.xml; path = "MySecondApp-Info.plist"; sourceTree = "<group>"; };
		FE6922521936EAA300A35192 /* en */ = {isa = PBXFileReference; lastKnownFileType = text.plist.strings; name = en; path = en.lproj/InfoPlist.strings; sourceTree = "<group>"; };
		FE6922541936EAA300A35192 /* main.m */ = {isa = PBXFileReference; lastKnownFileType = sourcecode.c.objc; path = main.m; sourceTree = "<group>"; };
		FE6922561936EAA300A35192 /* MySecondApp-Prefix.pch */ = {isa = PBXFileReference; lastKnownFileType = sourcecode.c.h; path = "MySecondApp-Prefix.pch"; sourceTree = "<group>"; };
		FE6922571936EAA300A35192 /* AppDelegate.h */ = {isa = PBXFileReference; lastKnownFileType = sourcecode.c.h; path = AppDelegate.h; sourceTree = "<group>"; };
		FE6922581936EAA300A35192 /* AppDelegate.m */ = {isa = PBXFileReference; lastKnownFileType = sourcecode.c.objc; path = AppDelegate.m; sourceTree = "<group>"; };
		FE69225B1936EAA300A35192 /* Base */ = {isa = PBXFileReference; lastKnownFileType = file.storyboard; name = Base; path = Base.lproj/Main.storyboard; sourceTree = "<group>"; };
		FE69225D1936EAA300A35192 /* ViewController.h */ = {isa = PBXFileReference; lastKnownFileType = sourcecode.c.h; path = ViewController.h; sourceTree = "<group>"; };
		FE69225E1936EAA300A35192 /* ViewController.m */ = {isa = PBXFileReference; lastKnownFileType = sourcecode.c.objc; path = ViewController.m; sourceTree = "<group>"; };
		FE6922601936EAA300A35192 /* Images.xcassets */ = {isa = PBXFileReference; lastKnownFileType = folder.assetcatalog; path = Images.xcassets; sourceTree = "<group>"; };
		FE6922661936EAA300A35192 /* MySecondAppTests.xctest */ = {isa = PBXFileReference; explicitFileType = wrapper.cfbundle; includeInIndex = 0; path = MySecondAppTests.xctest; sourceTree = BUILT_PRODUCTS_DIR; };
		FE6922671936EAA300A35192 /* XCTest.framework */ = {isa = PBXFileReference; lastKnownFileType = wrapper.framework; name = XCTest.framework; path = Library/Frameworks/XCTest.framework; sourceTree = DEVELOPER_DIR; };
		FE69226F1936EAA300A35192 /* MySecondAppTests-Info.plist */ = {isa = PBXFileReference; lastKnownFileType = text.plist.xml; path = "MySecondAppTests-Info.plist"; sourceTree = "<group>"; };
		FE6922711936EAA300A35192 /* en */ = {isa = PBXFileReference; lastKnownFileType = text.plist.strings; name = en; path = en.lproj/InfoPlist.strings; sourceTree = "<group>"; };
		FE6922731936EAA300A35192 /* MySecondAppTests.m */ = {isa = PBXFileReference; lastKnownFileType = sourcecode.c.objc; path = MySecondAppTests.m; sourceTree = "<group>"; };
/* End PBXFileReference section */

/* Begin PBXFrameworksBuildPhase section */
		FE6922421936EAA300A35192 /* Frameworks */ = {
			isa = PBXFrameworksBuildPhase;
			buildActionMask = 2147483647;
			files = (
				FE69224B1936EAA300A35192 /* CoreGraphics.framework in Frameworks */,
				FE69224D1936EAA300A35192 /* UIKit.framework in Frameworks */,
				FE6922491936EAA300A35192 /* Foundation.framework in Frameworks */,
			);
			runOnlyForDeploymentPostprocessing = 0;
		};
		FE6922631936EAA300A35192 /* Frameworks */ = {
			isa = PBXFrameworksBuildPhase;
			buildActionMask = 2147483647;
			files = (
				FE6922681936EAA300A35192 /* XCTest.framework in Frameworks */,
				FE69226A1936EAA300A35192 /* UIKit.framework in Frameworks */,
				FE6922691936EAA300A35192 /* Foundation.framework in Frameworks */,
			);
			runOnlyForDeploymentPostprocessing = 0;
		};
/* End PBXFrameworksBuildPhase section */

/* Begin PBXGroup section */
		FE69223C1936EAA300A35192 = {
			isa = PBXGroup;
			children = (
				FE69224E1936EAA300A35192 /* MySecondApp */,
				FE69226D1936EAA300A35192 /* MySecondAppTests */,
				FE6922471936EAA300A35192 /* Frameworks */,
				FE6922461936EAA300A35192 /* Products */,
			);
			sourceTree = "<group>";
		};
		FE6922461936EAA300A35192 /* Products */ = {
			isa = PBXGroup;
			children = (
				FE6922451936EAA300A35192 /* MySecondApp.app */,
				FE6922661936EAA300A35192 /* MySecondAppTests.xctest */,
			);
			name = Products;
			sourceTree = "<group>";
		};
		FE6922471936EAA300A35192 /* Frameworks */ = {
			isa = PBXGroup;
			children = (
				FE6922481936EAA300A35192 /* Foundation.framework */,
				FE69224A1936EAA300A35192 /* CoreGraphics.framework */,
				FE69224C1936EAA300A35192 /* UIKit.framework */,
				FE6922671936EAA300A35192 /* XCTest.framework */,
			);
			name = Frameworks;
			sourceTree = "<group>";
		};
		FE69224E1936EAA300A35192 /* MySecondApp */ = {
			isa = PBXGroup;
			children = (
				FE6922571936EAA300A35192 /* AppDelegate.h */,
				FE6922581936EAA300A35192 /* AppDelegate.m */,
				FE69225A1936EAA300A35192 /* Main.storyboard */,
				FE69225D1936EAA300A35192 /* ViewController.h */,
				FE69225E1936EAA300A35192 /* ViewController.m */,
				FE6922601936EAA300A35192 /* Images.xcassets */,
				FE69224F1936EAA300A35192 /* Supporting Files */,
			);
			path = MySecondApp;
			sourceTree = "<group>";
		};
		FE69224F1936EAA300A35192 /* Supporting Files */ = {
			isa = PBXGroup;
			children = (
				FE6922501936EAA300A35192 /* MySecondApp-Info.plist */,
				FE6922511936EAA300A35192 /* InfoPlist.strings */,
				FE6922541936EAA300A35192 /* main.m */,
				FE6922561936EAA300A35192 /* MySecondApp-Prefix.pch */,
			);
			name = "Supporting Files";
			sourceTree = "<group>";
		};
		FE69226D1936EAA300A35192 /* MySecondAppTests */ = {
			isa = PBXGroup;
			children = (
				FE6922731936EAA300A35192 /* MySecondAppTests.m */,
				FE69226E1936EAA300A35192 /* Supporting Files */,
			);
			path = MySecondAppTests;
			sourceTree = "<group>";
		};
		FE69226E1936EAA300A35192 /* Supporting Files */ = {
			isa = PBXGroup;
			children = (
				FE69226F1936EAA300A35192 /* MySecondAppTests-Info.plist */,
				FE6922701936EAA300A35192 /* InfoPlist.strings */,
			);
			name = "Supporting Files";
			sourceTree = "<group>";
		};
/* End PBXGroup section */

/* Begin PBXNativeTarget section */
		FE6922441936EAA300A35192 /* MySecondApp */ = {
			isa = PBXNativeTarget;
			buildConfigurationList = FE6922771936EAA300A35192 /* Build configuration list for PBXNativeTarget "MySecondApp" */;
			buildPhases = (
				FE6922411936EAA300A35192 /* Sources */,
				FE6922421936EAA300A35192 /* Frameworks */,
				FE6922431936EAA300A35192 /* Resources */,
			);
			buildRules = (
			);
			dependencies = (
			);
			name = MySecondApp;
			productName = MySecondApp;
			productReference = FE6922451936EAA300A35192 /* MySecondApp.app */;
			productType = "com.apple.product-type.application";
		};
		FE6922651936EAA300A35192 /* MySecondAppTests */ = {
			isa = PBXNativeTarget;
			buildConfigurationList = FE69227A1936EAA300A35192 /* Build configuration list for PBXNativeTarget "MySecondAppTests" */;
			buildPhases = (
				FE6922621936EAA300A35192 /* Sources */,
				FE6922631936EAA300A35192 /* Frameworks */,
				FE6922641936EAA300A35192 /* Resources */,
			);
			buildRules = (
			);
			dependencies = (
				FE69226C1936EAA300A35192 /* PBXTargetDependency */,
			);
			name = MySecondAppTests;
			productName = MySecondAppTests;
			productReference = FE6922661936EAA300A35192 /* MySecondAppTests.xctest */;
			productType = "com.apple.product-type.bundle.unit-test";
		};
/* End PBXNativeTarget section */

/* Begin PBXProject section */
		FE69223D1936EAA300A35192 /* Project object */ = {
			isa = PBXProject;
			attributes = {
				LastUpgradeCheck = 0510;
				ORGANIZATIONNAME = "Hisaki Ohta";
				TargetAttributes = {
					FE6922651936EAA300A35192 = {
						TestTargetID = FE6922441936EAA300A35192;
					};
				};
			};
			buildConfigurationList = FE6922401936EAA300A35192 /* Build configuration list for PBXProject "MySecondApp" */;
			compatibilityVersion = "Xcode 3.2";
			developmentRegion = English;
			hasScannedForEncodings = 0;
			knownRegions = (
				en,
				Base,
			);
			mainGroup = FE69223C1936EAA300A35192;
			productRefGroup = FE6922461936EAA300A35192 /* Products */;
			projectDirPath = "";
			projectRoot = "";
			targets = (
				FE6922441936EAA300A35192 /* MySecondApp */,
				FE6922651936EAA300A35192 /* MySecondAppTests */,
			);
		};
/* End PBXProject section */

/* Begin PBXResourcesBuildPhase section */
		FE6922431936EAA300A35192 /* Resources */ = {
			isa = PBXResourcesBuildPhase;
			buildActionMask = 2147483647;
			files = (
				FE6922611936EAA300A35192 /* Images.xcassets in Resources */,
				FE6922531936EAA300A35192 /* InfoPlist.strings in Resources */,
				FE69225C1936EAA300A35192 /* Main.storyboard in Resources */,
			);
			runOnlyForDeploymentPostprocessing = 0;
		};
		FE6922641936EAA300A35192 /* Resources */ = {
			isa = PBXResourcesBuildPhase;
			buildActionMask = 2147483647;
			files = (
				FE6922721936EAA300A35192 /* InfoPlist.strings in Resources */,
			);
			runOnlyForDeploymentPostprocessing = 0;
		};
/* End PBXResourcesBuildPhase section */

/* Begin PBXSourcesBuildPhase section */
		FE6922411936EAA300A35192 /* Sources */ = {
			isa = PBXSourcesBuildPhase;
			buildActionMask = 2147483647;
			files = (
				FE69225F1936EAA300A35192 /* ViewController.m in Sources */,
				FE6922591936EAA300A35192 /* AppDelegate.m in Sources */,
				FE6922551936EAA300A35192 /* main.m in Sources */,
			);
			runOnlyForDeploymentPostprocessing = 0;
		};
		FE6922621936EAA300A35192 /* Sources */ = {
			isa = PBXSourcesBuildPhase;
			buildActionMask = 2147483647;
			files = (
				FE6922741936EAA300A35192 /* MySecondAppTests.m in Sources */,
			);
			runOnlyForDeploymentPostprocessing = 0;
		};
/* End PBXSourcesBuildPhase section */

/* Begin PBXTargetDependency section */
		FE69226C1936EAA300A35192 /* PBXTargetDependency */ = {
			isa = PBXTargetDependency;
			target = FE6922441936EAA300A35192 /* MySecondApp */;
			targetProxy = FE69226B1936EAA300A35192 /* PBXContainerItemProxy */;
		};
/* End PBXTargetDependency section */

/* Begin PBXVariantGroup section */
		FE6922511936EAA300A35192 /* InfoPlist.strings */ = {
			isa = PBXVariantGroup;
			children = (
				FE6922521936EAA300A35192 /* en */,
			);
			name = InfoPlist.strings;
			sourceTree = "<group>";
		};
		FE69225A1936EAA300A35192 /* Main.storyboard */ = {
			isa = PBXVariantGroup;
			children = (
				FE69225B1936EAA300A35192 /* Base */,
			);
			name = Main.storyboard;
			sourceTree = "<group>";
		};
		FE6922701936EAA300A35192 /* InfoPlist.strings */ = {
			isa = PBXVariantGroup;
			children = (
				FE6922711936EAA300A35192 /* en */,
			);
			name = InfoPlist.strings;
			sourceTree = "<group>";
		};
/* End PBXVariantGroup section */

/* Begin XCBuildConfiguration section */
		FE6922751936EAA300A35192 /* Debug */ = {
			isa = XCBuildConfiguration;
			buildSettings = {
				ALWAYS_SEARCH_USER_PATHS = NO;
				CLANG_CXX_LANGUAGE_STANDARD = "gnu++0x";
				CLANG_CXX_LIBRARY = "libc++";
				CLANG_ENABLE_MODULES = YES;
				CLANG_ENABLE_OBJC_ARC = YES;
				CLANG_WARN_BOOL_CONVERSION = YES;
				CLANG_WARN_CONSTANT_CONVERSION = YES;
				CLANG_WARN_DIRECT_OBJC_ISA_USAGE = YES_ERROR;
				CLANG_WARN_EMPTY_BODY = YES;
				CLANG_WARN_ENUM_CONVERSION = YES;
				CLANG_WARN_INT_CONVERSION = YES;
				CLANG_WARN_OBJC_ROOT_CLASS = YES_ERROR;
				CLANG_WARN__DUPLICATE_METHOD_MATCH = YES;
				"CODE_SIGN_IDENTITY[sdk=iphoneos*]" = "iPhone Developer";
				COPY_PHASE_STRIP = NO;
				GCC_C_LANGUAGE_STANDARD = gnu99;
				GCC_DYNAMIC_NO_PIC = NO;
				GCC_OPTIMIZATION_LEVEL = 0;
				GCC_PREPROCESSOR_DEFINITIONS = (
					"DEBUG=1",
					"$(inherited)",
				);
				GCC_SYMBOLS_PRIVATE_EXTERN = NO;
				GCC_WARN_64_TO_32_BIT_CONVERSION = YES;
				GCC_WARN_ABOUT_RETURN_TYPE = YES_ERROR;
				GCC_WARN_UNDECLARED_SELECTOR = YES;
				GCC_WARN_UNINITIALIZED_AUTOS = YES_AGGRESSIVE;
				GCC_WARN_UNUSED_FUNCTION = YES;
				GCC_WARN_UNUSED_VARIABLE = YES;
				IPHONEOS_DEPLOYMENT_TARGET = 7.1;
				ONLY_ACTIVE_ARCH = YES;
				SDKROOT = iphoneos;
			};
			name = Debug;
		};
		FE6922761936EAA300A35192 /* Release */ = {
			isa = XCBuildConfiguration;
			buildSettings = {
				ALWAYS_SEARCH_USER_PATHS = NO;
				CLANG_CXX_LANGUAGE_STANDARD = "gnu++0x";
				CLANG_CXX_LIBRARY = "libc++";
				CLANG_ENABLE_MODULES = YES;
				CLANG_ENABLE_OBJC_ARC = YES;
				CLANG_WARN_BOOL_CONVERSION = YES;
				CLANG_WARN_CONSTANT_CONVERSION = YES;
				CLANG_WARN_DIRECT_OBJC_ISA_USAGE = YES_ERROR;
				CLANG_WARN_EMPTY_BODY = YES;
				CLANG_WARN_ENUM_CONVERSION = YES;
				CLANG_WARN_INT_CONVERSION = YES;
				CLANG_WARN_OBJC_ROOT_CLASS = YES_ERROR;
				CLANG_WARN__DUPLICATE_METHOD_MATCH = YES;
				"CODE_SIGN_IDENTITY[sdk=iphoneos*]" = "iPhone Developer";
				COPY_PHASE_STRIP = YES;
				ENABLE_NS_ASSERTIONS = NO;
				GCC_C_LANGUAGE_STANDARD = gnu99;
				GCC_WARN_64_TO_32_BIT_CONVERSION = YES;
				GCC_WARN_ABOUT_RETURN_TYPE = YES_ERROR;
				GCC_WARN_UNDECLARED_SELECTOR = YES;
				GCC_WARN_UNINITIALIZED_AUTOS = YES_AGGRESSIVE;
				GCC_WARN_UNUSED_FUNCTION = YES;
				GCC_WARN_UNUSED_VARIABLE = YES;
				IPHONEOS_DEPLOYMENT_TARGET = 7.1;
				SDKROOT = iphoneos;
				VALIDATE_PRODUCT = YES;
			};
			name = Release;
		};
		FE6922781936EAA300A35192 /* Debug */ = {
			isa = XCBuildConfiguration;
			buildSettings = {
				ASSETCATALOG_COMPILER_APPICON_NAME = AppIcon;
				ASSETCATALOG_COMPILER_LAUNCHIMAGE_NAME = LaunchImage;
				GCC_PRECOMPILE_PREFIX_HEADER = YES;
				GCC_PREFIX_HEADER = "MySecondApp/MySecondApp-Prefix.pch";
				INFOPLIST_FILE = "MySecondApp/MySecondApp-Info.plist";
				PRODUCT_NAME = "$(TARGET_NAME)";
				WRAPPER_EXTENSION = app;
			};
			name = Debug;
		};
		FE6922791936EAA300A35192 /* Release */ = {
			isa = XCBuildConfiguration;
			buildSettings = {
				ASSETCATALOG_COMPILER_APPICON_NAME = AppIcon;
				ASSETCATALOG_COMPILER_LAUNCHIMAGE_NAME = LaunchImage;
				GCC_PRECOMPILE_PREFIX_HEADER = YES;
				GCC_PREFIX_HEADER = "MySecondApp/MySecondApp-Prefix.pch";
				INFOPLIST_FILE = "MySecondApp/MySecondApp-Info.plist";
				PRODUCT_NAME = "$(TARGET_NAME)";
				WRAPPER_EXTENSION = app;
			};
			name = Release;
		};
		FE69227B1936EAA300A35192 /* Debug */ = {
			isa = XCBuildConfiguration;
			buildSettings = {
				BUNDLE_LOADER = "$(BUILT_PRODUCTS_DIR)/MySecondApp.app/MySecondApp";
				FRAMEWORK_SEARCH_PATHS = (
					"$(SDKROOT)/Developer/Library/Frameworks",
					"$(inherited)",
					"$(DEVELOPER_FRAMEWORKS_DIR)",
				);
				GCC_PRECOMPILE_PREFIX_HEADER = YES;
				GCC_PREFIX_HEADER = "MySecondApp/MySecondApp-Prefix.pch";
				GCC_PREPROCESSOR_DEFINITIONS = (
					"DEBUG=1",
					"$(inherited)",
				);
				INFOPLIST_FILE = "MySecondAppTests/MySecondAppTests-Info.plist";
				PRODUCT_NAME = "$(TARGET_NAME)";
				TEST_HOST = "$(BUNDLE_LOADER)";
				WRAPPER_EXTENSION = xctest;
			};
			name = Debug;
		};
		FE69227C1936EAA300A35192 /* Release */ = {
			isa = XCBuildConfiguration;
			buildSettings = {
				BUNDLE_LOADER = "$(BUILT_PRODUCTS_DIR)/MySecondApp.app/MySecondApp";
				FRAMEWORK_SEARCH_PATHS = (
					"$(SDKROOT)/Developer/Library/Frameworks",
					"$(inherited)",
					"$(DEVELOPER_FRAMEWORKS_DIR)",
				);
				GCC_PRECOMPILE_PREFIX_HEADER = YES;
				GCC_PREFIX_HEADER = "MySecondApp/MySecondApp-Prefix.pch";
				INFOPLIST_FILE = "MySecondAppTests/MySecondAppTests-Info.plist";
				PRODUCT_NAME = "$(TARGET_NAME)";
				TEST_HOST = "$(BUNDLE_LOADER)";
				WRAPPER_EXTENSION = xctest;
			};
			name = Release;
		};
/* End XCBuildConfiguration section */

/* Begin XCConfigurationList section */
		FE6922401936EAA300A35192 /* Build configuration list for PBXProject "MySecondApp" */ = {
			isa = XCConfigurationList;
			buildConfigurations = (
				FE6922751936EAA300A35192 /* Debug */,
				FE6922761936EAA300A35192 /* Release */,
			);
			defaultConfigurationIsVisible = 0;
			defaultConfigurationName = Release;
		};
		FE6922771936EAA300A35192 /* Build configuration list for PBXNativeTarget "MySecondApp" */ = {
			isa = XCConfigurationList;
			buildConfigurations = (
				FE6922781936EAA300A35192 /* Debug */,
				FE6922791936EAA300A35192 /* Release */,
			);
			defaultConfigurationIsVisible = 0;
		};
		FE69227A1936EAA300A35192 /* Build configuration list for PBXNativeTarget "MySecondAppTests" */ = {
			isa = XCConfigurationList;
			buildConfigurations = (
				FE69227B1936EAA300A35192 /* Debug */,
				FE69227C1936EAA300A35192 /* Release */,
			);
			defaultConfigurationIsVisible = 0;
		};
/* End XCConfigurationList section */
	};
	rootObject = FE69223D1936EAA300A35192 /* Project object */;
}
